
Microsoft Visual Studio Solution File, Format Version 12.00
# Visual Studio Version 16
VisualStudioVersion = 16.0.29102.190
MinimumVisualStudioVersion = 10.0.40219.1
Project("{FAE04EC0-301F-11D3-BF4B-00C04F79EFBC}") = "InventarioTI.Presentacion", "InventarioTI.Presentacion\InventarioTI.Presentacion.csproj", "{8612E8D3-2EDF-436F-921B-F00DD583450C}"
EndProject
Project("{FAE04EC0-301F-11D3-BF4B-00C04F79EFBC}") = "InventarioTI.Logica", "InventarioTI.Logica\InventarioTI.Logica.csproj", "{4BD09D04-BF6C-4108-AF8E-20F23763F20E}"
EndProject
Project("{FAE04EC0-301F-11D3-BF4B-00C04F79EFBC}") = "InventarioTIModelo", "InventarioTIModelo\InventarioTIModelo.csproj", "{372184ED-2DDC-4368-B91F-46B117B9C737}"
EndProject
Project("{FAE04EC0-301F-11D3-BF4B-00C04F79EFBC}") = "InventarioTI.Data", "InventarioTI.Data\InventarioTI.Data.csproj", "{317E235E-1B3E-4D6D-B512-AAA9C7748166}"
EndProject
Project("{FAE04EC0-301F-11D3-BF4B-00C04F79EFBC}") = "conexion", "conexion\conexion.csproj", "{4E5D3085-BB5C-47E7-95A2-40272BDD1FEB}"
EndProject
Global
	GlobalSection(SolutionConfigurationPlatforms) = preSolution
		Debug|Any CPU = Debug|Any CPU
		Release|Any CPU = Release|Any CPU
	EndGlobalSection
	GlobalSection(ProjectConfigurationPlatforms) = postSolution
		{8612E8D3-2EDF-436F-921B-F00DD583450C}.Debug|Any CPU.ActiveCfg = Debug|Any CPU
		{8612E8D3-2EDF-436F-921B-F00DD583450C}.Debug|Any CPU.Build.0 = Debug|Any CPU
		{8612E8D3-2EDF-436F-921B-F00DD583450C}.Release|Any CPU.ActiveCfg = Release|Any CPU
		{8612E8D3-2EDF-436F-921B-F00DD583450C}.Release|Any CPU.Build.0 = Release|Any CPU
		{4BD09D04-BF6C-4108-AF8E-20F23763F20E}.Debug|Any CPU.ActiveCfg = Debug|Any CPU
		{4BD09D04-BF6C-4108-AF8E-20F23763F20E}.Debug|Any CPU.Build.0 = Debug|Any CPU
		{4BD09D04-BF6C-4108-AF8E-20F23763F20E}.Release|Any CPU.ActiveCfg = Release|Any CPU
		{4BD09D04-BF6C-4108-AF8E-20F23763F20E}.Release|Any CPU.Build.0 = Release|Any CPU
		{372184ED-2DDC-4368-B91F-46B117B9C737}.Debug|Any CPU.ActiveCfg = Debug|Any CPU
		{372184ED-2DDC-4368-B91F-46B117B9C737}.Debug|Any CPU.Build.0 = Debug|Any CPU
		{372184ED-2DDC-4368-B91F-46B117B9C737}.Release|Any CPU.ActiveCfg = Release|Any CPU
		{372184ED-2DDC-4368-B91F-46B117B9C737}.Release|Any CPU.Build.0 = Release|Any CPU
		{317E235E-1B3E-4D6D-B512-AAA9C7748166}.Debug|Any CPU.ActiveCfg = Debug|Any CPU
		{317E235E-1B3E-4D6D-B512-AAA9C7748166}.Debug|Any CPU.Build.0 = Debug|Any CPU
		{317E235E-1B3E-4D6D-B512-AAA9C7748166}.Release|Any CPU.ActiveCfg = Release|Any CPU
		{317E235E-1B3E-4D6D-B512-AAA9C7748166}.Release|Any CPU.Build.0 = Release|Any CPU
		{4E5D3085-BB5C-47E7-95A2-40272BDD1FEB}.Debug|Any CPU.ActiveCfg = Debug|Any CPU
		{4E5D3085-BB5C-47E7-95A2-40272BDD1FEB}.Debug|Any CPU.Build.0 = Debug|Any CPU
		{4E5D3085-BB5C-47E7-95A2-40272BDD1FEB}.Release|Any CPU.ActiveCfg = Release|Any CPU
		{4E5D3085-BB5C-47E7-95A2-40272BDD1FEB}.Release|Any CPU.Build.0 = Release|Any CPU
	EndGlobalSection
	GlobalSection(SolutionProperties) = preSolution
		HideSolutionNode = FALSE
	EndGlobalSection
	GlobalSection(ExtensibilityGlobals) = postSolution
		SolutionGuid = {217222B0-F494-4C59-B39A-5A3541177212}
	EndGlobalSection
EndGlobal
